
Microsoft Visual Studio Solution File, Format Version 12.00
# Visual Studio Version 17
VisualStudioVersion = 17.3.32901.215
MinimumVisualStudioVersion = 10.0.40219.1
Project("{FAE04EC0-301F-11D3-BF4B-00C04F79EFBC}") = "Sa_Turno_BackEnd", "Sa_Turno_BackEnd\Sa_Turno_BackEnd.csproj", "{2E7E688A-62E5-4507-9AF4-7F4CE5271317}"
EndProject
Global
	GlobalSection(SolutionConfigurationPlatforms) = preSolution
		Debug|Any CPU = Debug|Any CPU
		Release|Any CPU = Release|Any CPU
	EndGlobalSection
	GlobalSection(ProjectConfigurationPlatforms) = postSolution
		{2E7E688A-62E5-4507-9AF4-7F4CE5271317}.Debug|Any CPU.ActiveCfg = Debug|Any CPU
		{2E7E688A-62E5-4507-9AF4-7F4CE5271317}.Debug|Any CPU.Build.0 = Debug|Any CPU
		{2E7E688A-62E5-4507-9AF4-7F4CE5271317}.Release|Any CPU.ActiveCfg = Release|Any CPU
		{2E7E688A-62E5-4507-9AF4-7F4CE5271317}.Release|Any CPU.Build.0 = Release|Any CPU
	EndGlobalSection
	GlobalSection(SolutionProperties) = preSolution
		HideSolutionNode = FALSE
	EndGlobalSection
	GlobalSection(ExtensibilityGlobals) = postSolution
		SolutionGuid = {D9ED89FA-37D5-49AC-8BFE-2EA0920068A5}
	EndGlobalSection
EndGlobal
